
Microsoft Visual Studio Solution File, Format Version 12.00
# Visual Studio 15
VisualStudioVersion = 15.0.27428.2002
MinimumVisualStudioVersion = 10.0.40219.1
Project("{FAE04EC0-301F-11D3-BF4B-00C04F79EFBC}") = "sneakie-BOT", "sneakie-BOT\sneakie-BOT.csproj", "{337AC7BC-468C-4765-90AD-FBC568810B72}"
EndProject
Global
	GlobalSection(SolutionConfigurationPlatforms) = preSolution
		Debug|Any CPU = Debug|Any CPU
		Release|Any CPU = Release|Any CPU
	EndGlobalSection
	GlobalSection(ProjectConfigurationPlatforms) = postSolution
		{337AC7BC-468C-4765-90AD-FBC568810B72}.Debug|Any CPU.ActiveCfg = Debug|Any CPU
		{337AC7BC-468C-4765-90AD-FBC568810B72}.Debug|Any CPU.Build.0 = Debug|Any CPU
		{337AC7BC-468C-4765-90AD-FBC568810B72}.Release|Any CPU.ActiveCfg = Release|Any CPU
		{337AC7BC-468C-4765-90AD-FBC568810B72}.Release|Any CPU.Build.0 = Release|Any CPU
	EndGlobalSection
	GlobalSection(SolutionProperties) = preSolution
		HideSolutionNode = FALSE
	EndGlobalSection
	GlobalSection(ExtensibilityGlobals) = postSolution
		SolutionGuid = {23D476B8-1127-4588-AF4A-B64E36C87AD4}
	EndGlobalSection
EndGlobal
